
Microsoft Visual Studio Solution File, Format Version 12.00
# Visual Studio Version 17
VisualStudioVersion = 17.9.34728.123
MinimumVisualStudioVersion = 10.0.40219.1
Project("{9A19103F-16F7-4668-BE54-9A1E7A4F7556}") = "Online Recipes-Api", "Online Recipes-Api\Online Recipes-Api.csproj", "{60EE5CBE-3E24-4D0C-B192-3540A8A39ADA}"
EndProject
Project("{FAE04EC0-301F-11D3-BF4B-00C04F79EFBC}") = "Online Recipes-Domain", "Online Recipes-Domain\Online Recipes-Domain.csproj", "{267B18AB-0486-4109-8B77-9335051DE28F}"
EndProject
Global
	GlobalSection(SolutionConfigurationPlatforms) = preSolution
		Debug|Any CPU = Debug|Any CPU
		Release|Any CPU = Release|Any CPU
	EndGlobalSection
	GlobalSection(ProjectConfigurationPlatforms) = postSolution
		{60EE5CBE-3E24-4D0C-B192-3540A8A39ADA}.Debug|Any CPU.ActiveCfg = Debug|Any CPU
		{60EE5CBE-3E24-4D0C-B192-3540A8A39ADA}.Debug|Any CPU.Build.0 = Debug|Any CPU
		{60EE5CBE-3E24-4D0C-B192-3540A8A39ADA}.Release|Any CPU.ActiveCfg = Release|Any CPU
		{60EE5CBE-3E24-4D0C-B192-3540A8A39ADA}.Release|Any CPU.Build.0 = Release|Any CPU
		{267B18AB-0486-4109-8B77-9335051DE28F}.Debug|Any CPU.ActiveCfg = Debug|Any CPU
		{267B18AB-0486-4109-8B77-9335051DE28F}.Debug|Any CPU.Build.0 = Debug|Any CPU
		{267B18AB-0486-4109-8B77-9335051DE28F}.Release|Any CPU.ActiveCfg = Release|Any CPU
		{267B18AB-0486-4109-8B77-9335051DE28F}.Release|Any CPU.Build.0 = Release|Any CPU
	EndGlobalSection
	GlobalSection(SolutionProperties) = preSolution
		HideSolutionNode = FALSE
	EndGlobalSection
	GlobalSection(ExtensibilityGlobals) = postSolution
		SolutionGuid = {67A5A9DE-31C2-4BE6-AA74-754381564502}
	EndGlobalSection
EndGlobal
